
Microsoft Visual Studio Solution File, Format Version 12.00
# Visual Studio 15
VisualStudioVersion = 15.0.27130.2010
MinimumVisualStudioVersion = 10.0.40219.1
Project("{FAE04EC0-301F-11D3-BF4B-00C04F79EFBC}") = "Rudra Apparels WEB", "Rudra Apparels WEB\Rudra Apparels WEB.csproj", "{1F7B984A-9C4C-4850-BB3F-D1F88F27278B}"
EndProject
Global
	GlobalSection(SolutionConfigurationPlatforms) = preSolution
		Debug|Any CPU = Debug|Any CPU
		Release|Any CPU = Release|Any CPU
	EndGlobalSection
	GlobalSection(ProjectConfigurationPlatforms) = postSolution
		{1F7B984A-9C4C-4850-BB3F-D1F88F27278B}.Debug|Any CPU.ActiveCfg = Debug|Any CPU
		{1F7B984A-9C4C-4850-BB3F-D1F88F27278B}.Debug|Any CPU.Build.0 = Debug|Any CPU
		{1F7B984A-9C4C-4850-BB3F-D1F88F27278B}.Release|Any CPU.ActiveCfg = Release|Any CPU
		{1F7B984A-9C4C-4850-BB3F-D1F88F27278B}.Release|Any CPU.Build.0 = Release|Any CPU
	EndGlobalSection
	GlobalSection(SolutionProperties) = preSolution
		HideSolutionNode = FALSE
	EndGlobalSection
	GlobalSection(ExtensibilityGlobals) = postSolution
		SolutionGuid = {625DD5AA-FF2D-4DCD-B634-458ADDB08666}
	EndGlobalSection
EndGlobal
